<?xml version="1.0" encoding="utf-8"?>
<Project ToolsVersion="4.0" xmlns="http://schemas.microsoft.com/developer/msbuild/2003">
  <ItemGroup>
    <Filter Include="Source Files">
      <UniqueIdentifier>{4FC737F1-C7A5-4376-A066-2A32D752A2FF}</UniqueIdentifier>
      <Extensions>cpp;c;cc;cxx;c++;cppm;ixx;def;odl;idl;hpj;bat;asm;asmx</Extensions>
    </Filter>
    <Filter Include="Header Files">
      <UniqueIdentifier>{93995380-89BD-4b04-88EB-625FBE52EBFB}</UniqueIdentifier>
      <Extensions>h;hh;hpp;hxx;h++;hm;inl;inc;ipp;xsd</Extensions>
    </Filter>
    <Filter Include="Windows">
      <UniqueIdentifier>{8dc5dd6e-60fe-4cbb-9036-d2420b33fc00}</UniqueIdentifier>
    </Filter>
    <Filter Include="UI">
      <UniqueIdentifier>{d41e7a10-eefd-4a68-becf-98d07d62a5d9}</UniqueIdentifier>
    </Filter>
    <Filter Include="Markov">
      <UniqueIdentifier>{381f9417-c4d1-45cf-8e40-9f55e6836d69}</UniqueIdentifier>
    </Filter>
  </ItemGroup>
  <ItemGroup>
    <ClCompile Include="main.cpp">
      <Filter>Source Files</Filter>
    </ClCompile>
    <ClCompile Include="WindowClass.cpp">
      <Filter>Windows</Filter>
    </ClCompile>
  </ItemGroup>
  <ItemGroup>
    <ClInclude Include="params.h">
      <Filter>Header Files</Filter>
    </ClInclude>
    <ClInclude Include="WindowClass.h">
      <Filter>Windows</Filter>
    </ClInclude>
    <ClInclude Include="InterfaceController.h">
      <Filter>UI</Filter>
    </ClInclude>
    <ClInclude Include="MarkovClasses.h">
      <Filter>Markov</Filter>
    </ClInclude>
  </ItemGroup>
</Project>